
Microsoft Visual Studio Solution File, Format Version 12.00
# Visual Studio Version 16
VisualStudioVersion = 16.0.30114.105
MinimumVisualStudioVersion = 10.0.40219.1
Project("{2150E333-8FDC-42A3-9474-1A3956D46DE8}") = "src", "src", "{BC5D1CD5-512F-4855-9B84-5EF6FC9E6436}"
EndProject
Project("{FAE04EC0-301F-11D3-BF4B-00C04F79EFBC}") = "IdentityServer", "src\IdentityServer\IdentityServer.csproj", "{D3F61B83-1750-43FB-BF32-5A2B3C9EEEC0}"
EndProject
Project("{FAE04EC0-301F-11D3-BF4B-00C04F79EFBC}") = "API", "src\API\API.csproj", "{C72528B7-9F9E-4D6B-A1EB-1AE7E33BB88E}"
EndProject
Project("{FAE04EC0-301F-11D3-BF4B-00C04F79EFBC}") = "AuthUtils", "src\AuthUtils\AuthUtils.csproj", "{0AC0F550-B4CE-42AE-96E7-3C12C2549730}"
EndProject
Global
	GlobalSection(SolutionConfigurationPlatforms) = preSolution
		Debug|Any CPU = Debug|Any CPU
		Release|Any CPU = Release|Any CPU
	EndGlobalSection
	GlobalSection(SolutionProperties) = preSolution
		HideSolutionNode = FALSE
	EndGlobalSection
	GlobalSection(ProjectConfigurationPlatforms) = postSolution
		{D3F61B83-1750-43FB-BF32-5A2B3C9EEEC0}.Debug|Any CPU.ActiveCfg = Debug|Any CPU
		{D3F61B83-1750-43FB-BF32-5A2B3C9EEEC0}.Debug|Any CPU.Build.0 = Debug|Any CPU
		{D3F61B83-1750-43FB-BF32-5A2B3C9EEEC0}.Release|Any CPU.ActiveCfg = Release|Any CPU
		{D3F61B83-1750-43FB-BF32-5A2B3C9EEEC0}.Release|Any CPU.Build.0 = Release|Any CPU
		{C72528B7-9F9E-4D6B-A1EB-1AE7E33BB88E}.Debug|Any CPU.ActiveCfg = Debug|Any CPU
		{C72528B7-9F9E-4D6B-A1EB-1AE7E33BB88E}.Debug|Any CPU.Build.0 = Debug|Any CPU
		{C72528B7-9F9E-4D6B-A1EB-1AE7E33BB88E}.Release|Any CPU.ActiveCfg = Release|Any CPU
		{C72528B7-9F9E-4D6B-A1EB-1AE7E33BB88E}.Release|Any CPU.Build.0 = Release|Any CPU
		{0AC0F550-B4CE-42AE-96E7-3C12C2549730}.Debug|Any CPU.ActiveCfg = Debug|Any CPU
		{0AC0F550-B4CE-42AE-96E7-3C12C2549730}.Debug|Any CPU.Build.0 = Debug|Any CPU
		{0AC0F550-B4CE-42AE-96E7-3C12C2549730}.Release|Any CPU.ActiveCfg = Release|Any CPU
		{0AC0F550-B4CE-42AE-96E7-3C12C2549730}.Release|Any CPU.Build.0 = Release|Any CPU
	EndGlobalSection
	GlobalSection(NestedProjects) = preSolution
		{D3F61B83-1750-43FB-BF32-5A2B3C9EEEC0} = {BC5D1CD5-512F-4855-9B84-5EF6FC9E6436}
		{C72528B7-9F9E-4D6B-A1EB-1AE7E33BB88E} = {BC5D1CD5-512F-4855-9B84-5EF6FC9E6436}
		{0AC0F550-B4CE-42AE-96E7-3C12C2549730} = {BC5D1CD5-512F-4855-9B84-5EF6FC9E6436}
	EndGlobalSection
EndGlobal
